
Microsoft Visual Studio Solution File, Format Version 12.00
Project("{FAE04EC0-301F-11D3-BF4B-00C04F79EFBC}") = "WukongCSharpMod", "WukongCSharpMod\WukongCSharpMod.csproj", "{9168670A-C7BC-41DA-B4B4-3C2097F18A13}"
EndProject
Project("{FAE04EC0-301F-11D3-BF4B-00C04F79EFBC}") = "PhotonRealtimeApi", "PhotonRealtimeApi\PhotonRealtimeApi.csproj", "{A5054542-5C47-40EC-8C6E-AD8B41AB9B54}"
EndProject
Project("{FAE04EC0-301F-11D3-BF4B-00C04F79EFBC}") = "WukongMp.Common", "WukongMp.Common\WukongMp.Common.csproj", "{8E001812-4216-4012-BC6B-139C3D3A61B2}"
EndProject
Project("{FAE04EC0-301F-11D3-BF4B-00C04F79EFBC}") = "PhotonChatApi", "PhotonChatApi\PhotonChatApi.csproj", "{D0CA2B6A-B99D-4837-B973-9DE94C41D9E4}"
EndProject
Global
	GlobalSection(SolutionConfigurationPlatforms) = preSolution
		Debug|Any CPU = Debug|Any CPU
		Release|Any CPU = Release|Any CPU
	EndGlobalSection
	GlobalSection(ProjectConfigurationPlatforms) = postSolution
		{9168670A-C7BC-41DA-B4B4-3C2097F18A13}.Debug|Any CPU.ActiveCfg = Debug|Any CPU
		{9168670A-C7BC-41DA-B4B4-3C2097F18A13}.Debug|Any CPU.Build.0 = Debug|Any CPU
		{9168670A-C7BC-41DA-B4B4-3C2097F18A13}.Release|Any CPU.ActiveCfg = Release|Any CPU
		{9168670A-C7BC-41DA-B4B4-3C2097F18A13}.Release|Any CPU.Build.0 = Release|Any CPU
		{A5054542-5C47-40EC-8C6E-AD8B41AB9B54}.Debug|Any CPU.ActiveCfg = Debug|Any CPU
		{A5054542-5C47-40EC-8C6E-AD8B41AB9B54}.Debug|Any CPU.Build.0 = Debug|Any CPU
		{A5054542-5C47-40EC-8C6E-AD8B41AB9B54}.Release|Any CPU.ActiveCfg = Release|Any CPU
		{A5054542-5C47-40EC-8C6E-AD8B41AB9B54}.Release|Any CPU.Build.0 = Release|Any CPU
		{8E001812-4216-4012-BC6B-139C3D3A61B2}.Debug|Any CPU.ActiveCfg = Debug|Any CPU
		{8E001812-4216-4012-BC6B-139C3D3A61B2}.Debug|Any CPU.Build.0 = Debug|Any CPU
		{8E001812-4216-4012-BC6B-139C3D3A61B2}.Release|Any CPU.ActiveCfg = Release|Any CPU
		{8E001812-4216-4012-BC6B-139C3D3A61B2}.Release|Any CPU.Build.0 = Release|Any CPU
	EndGlobalSection
EndGlobal
